// !$*UTF8*$!
{
	archiveVersion = 1;
	classes = {
	};
	objectVersion = 50;
	objects = {

/* Begin PBXBuildFile section */
		5E9C6D4C8B4358ADA1040E07 /* Pods_TestAppUITests.framework in Frameworks */ = {isa = PBXBuildFile; fileRef = 7866EA02DBB96BA274D3A1BE /* Pods_TestAppUITests.framework */; };
		8815075AC869CECB38292C99 /* Pods_TestAppTests.framework in Frameworks */ = {isa = PBXBuildFile; fileRef = 6536188510DAC2F74059BE95 /* Pods_TestAppTests.framework */; };
		D33FF17A2106331C001A4286 /* AppDelegate.swift in Sources */ = {isa = PBXBuildFile; fileRef = D33FF1792106331C001A4286 /* AppDelegate.swift */; };
		D33FF17C2106331C001A4286 /* ViewController.swift in Sources */ = {isa = PBXBuildFile; fileRef = D33FF17B2106331C001A4286 /* ViewController.swift */; };
		D33FF17F2106331C001A4286 /* Main.storyboard in Resources */ = {isa = PBXBuildFile; fileRef = D33FF17D2106331C001A4286 /* Main.storyboard */; };
		D33FF1812106331D001A4286 /* Assets.xcassets in Resources */ = {isa = PBXBuildFile; fileRef = D33FF1802106331D001A4286 /* Assets.xcassets */; };
		D33FF1842106331D001A4286 /* LaunchScreen.storyboard in Resources */ = {isa = PBXBuildFile; fileRef = D33FF1822106331D001A4286 /* LaunchScreen.storyboard */; };
		D33FF18F2106331D001A4286 /* TestAppTests.swift in Sources */ = {isa = PBXBuildFile; fileRef = D33FF18E2106331D001A4286 /* TestAppTests.swift */; };
		D33FF19A2106331D001A4286 /* TestAppUITests.swift in Sources */ = {isa = PBXBuildFile; fileRef = D33FF1992106331D001A4286 /* TestAppUITests.swift */; };
		D33FF1A82106464B001A4286 /* ViewControllerTests.swift in Sources */ = {isa = PBXBuildFile; fileRef = D33FF1A72106464B001A4286 /* ViewControllerTests.swift */; };
		E0E42B76D6042AB09503C623 /* Pods_TestApp.framework in Frameworks */ = {isa = PBXBuildFile; fileRef = 2BEC1BEF8A5A08E808EABC95 /* Pods_TestApp.framework */; };
/* End PBXBuildFile section */

/* Begin PBXContainerItemProxy section */
		D33FF18B2106331D001A4286 /* PBXContainerItemProxy */ = {
			isa = PBXContainerItemProxy;
			containerPortal = D33FF16E2106331C001A4286 /* Project object */;
			proxyType = 1;
			remoteGlobalIDString = D33FF1752106331C001A4286;
			remoteInfo = TestApp;
		};
		D33FF1962106331D001A4286 /* PBXContainerItemProxy */ = {
			isa = PBXContainerItemProxy;
			containerPortal = D33FF16E2106331C001A4286 /* Project object */;
			proxyType = 1;
			remoteGlobalIDString = D33FF1752106331C001A4286;
			remoteInfo = TestApp;
		};
/* End PBXContainerItemProxy section */

/* Begin PBXFileReference section */
		2BEC1BEF8A5A08E808EABC95 /* Pods_TestApp.framework */ = {isa = PBXFileReference; explicitFileType = wrapper.framework; includeInIndex = 0; path = Pods_TestApp.framework; sourceTree = BUILT_PRODUCTS_DIR; };
		5E7050BF04AC05133773D0E3 /* Pods-TestApp.release.xcconfig */ = {isa = PBXFileReference; includeInIndex = 1; lastKnownFileType = text.xcconfig; name = "Pods-TestApp.release.xcconfig"; path = "Pods/Target Support Files/Pods-TestApp/Pods-TestApp.release.xcconfig"; sourceTree = "<group>"; };
		5FC1D882595FA789104233E6 /* Pods-TestAppUITests.release.xcconfig */ = {isa = PBXFileReference; includeInIndex = 1; lastKnownFileType = text.xcconfig; name = "Pods-TestAppUITests.release.xcconfig"; path = "Pods/Target Support Files/Pods-TestAppUITests/Pods-TestAppUITests.release.xcconfig"; sourceTree = "<group>"; };
		6536188510DAC2F74059BE95 /* Pods_TestAppTests.framework */ = {isa = PBXFileReference; explicitFileType = wrapper.framework; includeInIndex = 0; path = Pods_TestAppTests.framework; sourceTree = BUILT_PRODUCTS_DIR; };
		7866EA02DBB96BA274D3A1BE /* Pods_TestAppUITests.framework */ = {isa = PBXFileReference; explicitFileType = wrapper.framework; includeInIndex = 0; path = Pods_TestAppUITests.framework; sourceTree = BUILT_PRODUCTS_DIR; };
		7B15E5173E79AD8A0348FC69 /* Pods-TestAppTests.release.xcconfig */ = {isa = PBXFileReference; includeInIndex = 1; lastKnownFileType = text.xcconfig; name = "Pods-TestAppTests.release.xcconfig"; path = "Pods/Target Support Files/Pods-TestAppTests/Pods-TestAppTests.release.xcconfig"; sourceTree = "<group>"; };
		8704626B0E2360627BBF3CE7 /* Pods-TestAppTests.debug.xcconfig */ = {isa = PBXFileReference; includeInIndex = 1; lastKnownFileType = text.xcconfig; name = "Pods-TestAppTests.debug.xcconfig"; path = "Pods/Target Support Files/Pods-TestAppTests/Pods-TestAppTests.debug.xcconfig"; sourceTree = "<group>"; };
		AFFC480C430CBED101AD0C4E /* Pods-TestAppUITests.debug.xcconfig */ = {isa = PBXFileReference; includeInIndex = 1; lastKnownFileType = text.xcconfig; name = "Pods-TestAppUITests.debug.xcconfig"; path = "Pods/Target Support Files/Pods-TestAppUITests/Pods-TestAppUITests.debug.xcconfig"; sourceTree = "<group>"; };
		D33FF1762106331C001A4286 /* TestApp.app */ = {isa = PBXFileReference; explicitFileType = wrapper.application; includeInIndex = 0; path = TestApp.app; sourceTree = BUILT_PRODUCTS_DIR; };
		D33FF1792106331C001A4286 /* AppDelegate.swift */ = {isa = PBXFileReference; lastKnownFileType = sourcecode.swift; path = AppDelegate.swift; sourceTree = "<group>"; };
		D33FF17B2106331C001A4286 /* ViewController.swift */ = {isa = PBXFileReference; lastKnownFileType = sourcecode.swift; path = ViewController.swift; sourceTree = "<group>"; };
		D33FF17E2106331C001A4286 /* Base */ = {isa = PBXFileReference; lastKnownFileType = file.storyboard; name = Base; path = Base.lproj/Main.storyboard; sourceTree = "<group>"; };
		D33FF1802106331D001A4286 /* Assets.xcassets */ = {isa = PBXFileReference; lastKnownFileType = folder.assetcatalog; path = Assets.xcassets; sourceTree = "<group>"; };
		D33FF1832106331D001A4286 /* Base */ = {isa = PBXFileReference; lastKnownFileType = file.storyboard; name = Base; path = Base.lproj/LaunchScreen.storyboard; sourceTree = "<group>"; };
		D33FF1852106331D001A4286 /* Info.plist */ = {isa = PBXFileReference; lastKnownFileType = text.plist.xml; path = Info.plist; sourceTree = "<group>"; };
		D33FF18A2106331D001A4286 /* TestAppTests.xctest */ = {isa = PBXFileReference; explicitFileType = wrapper.cfbundle; includeInIndex = 0; path = TestAppTests.xctest; sourceTree = BUILT_PRODUCTS_DIR; };
		D33FF18E2106331D001A4286 /* TestAppTests.swift */ = {isa = PBXFileReference; lastKnownFileType = sourcecode.swift; path = TestAppTests.swift; sourceTree = "<group>"; };
		D33FF1902106331D001A4286 /* Info.plist */ = {isa = PBXFileReference; lastKnownFileType = text.plist.xml; path = Info.plist; sourceTree = "<group>"; };
		D33FF1952106331D001A4286 /* TestAppUITests.xctest */ = {isa = PBXFileReference; explicitFileType = wrapper.cfbundle; includeInIndex = 0; path = TestAppUITests.xctest; sourceTree = BUILT_PRODUCTS_DIR; };
		D33FF1992106331D001A4286 /* TestAppUITests.swift */ = {isa = PBXFileReference; lastKnownFileType = sourcecode.swift; path = TestAppUITests.swift; sourceTree = "<group>"; };
		D33FF19B2106331D001A4286 /* Info.plist */ = {isa = PBXFileReference; lastKnownFileType = text.plist.xml; path = Info.plist; sourceTree = "<group>"; };
		D33FF1A72106464B001A4286 /* ViewControllerTests.swift */ = {isa = PBXFileReference; lastKnownFileType = sourcecode.swift; path = ViewControllerTests.swift; sourceTree = "<group>"; };
		D5B26D4C7F7095DD520EE262 /* Pods-TestApp.debug.xcconfig */ = {isa = PBXFileReference; includeInIndex = 1; lastKnownFileType = text.xcconfig; name = "Pods-TestApp.debug.xcconfig"; path = "Pods/Target Support Files/Pods-TestApp/Pods-TestApp.debug.xcconfig"; sourceTree = "<group>"; };
/* End PBXFileReference section */

/* Begin PBXFrameworksBuildPhase section */
		D33FF1732106331C001A4286 /* Frameworks */ = {
			isa = PBXFrameworksBuildPhase;
			buildActionMask = 2147483647;
			files = (
				E0E42B76D6042AB09503C623 /* Pods_TestApp.framework in Frameworks */,
			);
			runOnlyForDeploymentPostprocessing = 0;
		};
		D33FF1872106331D001A4286 /* Frameworks */ = {
			isa = PBXFrameworksBuildPhase;
			buildActionMask = 2147483647;
			files = (
				8815075AC869CECB38292C99 /* Pods_TestAppTests.framework in Frameworks */,
			);
			runOnlyForDeploymentPostprocessing = 0;
		};
		D33FF1922106331D001A4286 /* Frameworks */ = {
			isa = PBXFrameworksBuildPhase;
			buildActionMask = 2147483647;
			files = (
				5E9C6D4C8B4358ADA1040E07 /* Pods_TestAppUITests.framework in Frameworks */,
			);
			runOnlyForDeploymentPostprocessing = 0;
		};
/* End PBXFrameworksBuildPhase section */

/* Begin PBXGroup section */
		826C3760E0AB3EE72A1B703B /* Pods */ = {
			isa = PBXGroup;
			children = (
				D5B26D4C7F7095DD520EE262 /* Pods-TestApp.debug.xcconfig */,
				5E7050BF04AC05133773D0E3 /* Pods-TestApp.release.xcconfig */,
				8704626B0E2360627BBF3CE7 /* Pods-TestAppTests.debug.xcconfig */,
				7B15E5173E79AD8A0348FC69 /* Pods-TestAppTests.release.xcconfig */,
				AFFC480C430CBED101AD0C4E /* Pods-TestAppUITests.debug.xcconfig */,
				5FC1D882595FA789104233E6 /* Pods-TestAppUITests.release.xcconfig */,
			);
			name = Pods;
			sourceTree = "<group>";
		};
		D33FF16D2106331C001A4286 = {
			isa = PBXGroup;
			children = (
				D33FF1782106331C001A4286 /* TestApp */,
				D33FF18D2106331D001A4286 /* TestAppTests */,
				D33FF1982106331D001A4286 /* TestAppUITests */,
				D33FF1772106331C001A4286 /* Products */,
				826C3760E0AB3EE72A1B703B /* Pods */,
				D5B7C15FFE2449B0A5E461A9 /* Frameworks */,
			);
			sourceTree = "<group>";
		};
		D33FF1772106331C001A4286 /* Products */ = {
			isa = PBXGroup;
			children = (
				D33FF1762106331C001A4286 /* TestApp.app */,
				D33FF18A2106331D001A4286 /* TestAppTests.xctest */,
				D33FF1952106331D001A4286 /* TestAppUITests.xctest */,
			);
			name = Products;
			sourceTree = "<group>";
		};
		D33FF1782106331C001A4286 /* TestApp */ = {
			isa = PBXGroup;
			children = (
				D33FF1792106331C001A4286 /* AppDelegate.swift */,
				D33FF17B2106331C001A4286 /* ViewController.swift */,
				D33FF1A72106464B001A4286 /* ViewControllerTests.swift */,
				D33FF17D2106331C001A4286 /* Main.storyboard */,
				D33FF1802106331D001A4286 /* Assets.xcassets */,
				D33FF1822106331D001A4286 /* LaunchScreen.storyboard */,
				D33FF1852106331D001A4286 /* Info.plist */,
			);
			path = TestApp;
			sourceTree = "<group>";
		};
		D33FF18D2106331D001A4286 /* TestAppTests */ = {
			isa = PBXGroup;
			children = (
				D33FF18E2106331D001A4286 /* TestAppTests.swift */,
				D33FF1902106331D001A4286 /* Info.plist */,
			);
			path = TestAppTests;
			sourceTree = "<group>";
		};
		D33FF1982106331D001A4286 /* TestAppUITests */ = {
			isa = PBXGroup;
			children = (
				D33FF1992106331D001A4286 /* TestAppUITests.swift */,
				D33FF19B2106331D001A4286 /* Info.plist */,
			);
			path = TestAppUITests;
			sourceTree = "<group>";
		};
		D5B7C15FFE2449B0A5E461A9 /* Frameworks */ = {
			isa = PBXGroup;
			children = (
				2BEC1BEF8A5A08E808EABC95 /* Pods_TestApp.framework */,
				6536188510DAC2F74059BE95 /* Pods_TestAppTests.framework */,
				7866EA02DBB96BA274D3A1BE /* Pods_TestAppUITests.framework */,
			);
			name = Frameworks;
			sourceTree = "<group>";
		};
/* End PBXGroup section */

/* Begin PBXNativeTarget section */
		D33FF1752106331C001A4286 /* TestApp */ = {
			isa = PBXNativeTarget;
			buildConfigurationList = D33FF19E2106331D001A4286 /* Build configuration list for PBXNativeTarget "TestApp" */;
			buildPhases = (
				875385B517BF00954674BDC1 /* [CP] Check Pods Manifest.lock */,
				D33FF1722106331C001A4286 /* Sources */,
				D33FF1732106331C001A4286 /* Frameworks */,
				D33FF1742106331C001A4286 /* Resources */,
			);
			buildRules = (
			);
			dependencies = (
			);
			name = TestApp;
			productName = TestApp;
			productReference = D33FF1762106331C001A4286 /* TestApp.app */;
			productType = "com.apple.product-type.application";
		};
		D33FF1892106331D001A4286 /* TestAppTests */ = {
			isa = PBXNativeTarget;
			buildConfigurationList = D33FF1A12106331D001A4286 /* Build configuration list for PBXNativeTarget "TestAppTests" */;
			buildPhases = (
				2321451E28B86A4D06DC5532 /* [CP] Check Pods Manifest.lock */,
				D33FF1862106331D001A4286 /* Sources */,
				D33FF1872106331D001A4286 /* Frameworks */,
				D33FF1882106331D001A4286 /* Resources */,
				D861DFF2BACA802D575EEF52 /* [CP] Embed Pods Frameworks */,
			);
			buildRules = (
			);
			dependencies = (
				D33FF18C2106331D001A4286 /* PBXTargetDependency */,
			);
			name = TestAppTests;
			productName = TestAppTests;
			productReference = D33FF18A2106331D001A4286 /* TestAppTests.xctest */;
			productType = "com.apple.product-type.bundle.unit-test";
		};
		D33FF1942106331D001A4286 /* TestAppUITests */ = {
			isa = PBXNativeTarget;
			buildConfigurationList = D33FF1A42106331D001A4286 /* Build configuration list for PBXNativeTarget "TestAppUITests" */;
			buildPhases = (
				D0B07BF97FAB3471071DCF03 /* [CP] Check Pods Manifest.lock */,
				D33FF1912106331D001A4286 /* Sources */,
				D33FF1922106331D001A4286 /* Frameworks */,
				D33FF1932106331D001A4286 /* Resources */,
			);
			buildRules = (
			);
			dependencies = (
				D33FF1972106331D001A4286 /* PBXTargetDependency */,
			);
			name = TestAppUITests;
			productName = TestAppUITests;
			productReference = D33FF1952106331D001A4286 /* TestAppUITests.xctest */;
			productType = "com.apple.product-type.bundle.ui-testing";
		};
/* End PBXNativeTarget section */

/* Begin PBXProject section */
		D33FF16E2106331C001A4286 /* Project object */ = {
			isa = PBXProject;
			attributes = {
				LastSwiftUpdateCheck = 0940;
				LastUpgradeCheck = 0940;
				ORGANIZATIONNAME = "Raunak Talwar";
				TargetAttributes = {
					D33FF1752106331C001A4286 = {
						CreatedOnToolsVersion = 9.4;
					};
					D33FF1892106331D001A4286 = {
						CreatedOnToolsVersion = 9.4;
						TestTargetID = D33FF1752106331C001A4286;
					};
					D33FF1942106331D001A4286 = {
						CreatedOnToolsVersion = 9.4;
						TestTargetID = D33FF1752106331C001A4286;
					};
				};
			};
			buildConfigurationList = D33FF1712106331C001A4286 /* Build configuration list for PBXProject "TestApp" */;
			compatibilityVersion = "Xcode 9.3";
			developmentRegion = en;
			hasScannedForEncodings = 0;
			knownRegions = (
				en,
				Base,
			);
			mainGroup = D33FF16D2106331C001A4286;
			productRefGroup = D33FF1772106331C001A4286 /* Products */;
			projectDirPath = "";
			projectRoot = "";
			targets = (
				D33FF1752106331C001A4286 /* TestApp */,
				D33FF1892106331D001A4286 /* TestAppTests */,
				D33FF1942106331D001A4286 /* TestAppUITests */,
			);
		};
/* End PBXProject section */

/* Begin PBXResourcesBuildPhase section */
		D33FF1742106331C001A4286 /* Resources */ = {
			isa = PBXResourcesBuildPhase;
			buildActionMask = 2147483647;
			files = (
				D33FF1842106331D001A4286 /* LaunchScreen.storyboard in Resources */,
				D33FF1812106331D001A4286 /* Assets.xcassets in Resources */,
				D33FF17F2106331C001A4286 /* Main.storyboard in Resources */,
			);
			runOnlyForDeploymentPostprocessing = 0;
		};
		D33FF1882106331D001A4286 /* Resources */ = {
			isa = PBXResourcesBuildPhase;
			buildActionMask = 2147483647;
			files = (
			);
			runOnlyForDeploymentPostprocessing = 0;
		};
		D33FF1932106331D001A4286 /* Resources */ = {
			isa = PBXResourcesBuildPhase;
			buildActionMask = 2147483647;
			files = (
			);
			runOnlyForDeploymentPostprocessing = 0;
		};
/* End PBXResourcesBuildPhase section */

/* Begin PBXShellScriptBuildPhase section */
		2321451E28B86A4D06DC5532 /* [CP] Check Pods Manifest.lock */ = {
			isa = PBXShellScriptBuildPhase;
			buildActionMask = 2147483647;
			files = (
			);
			inputPaths = (
				"${PODS_PODFILE_DIR_PATH}/Podfile.lock",
				"${PODS_ROOT}/Manifest.lock",
			);
			name = "[CP] Check Pods Manifest.lock";
			outputPaths = (
				"$(DERIVED_FILE_DIR)/Pods-TestAppTests-checkManifestLockResult.txt",
			);
			runOnlyForDeploymentPostprocessing = 0;
			shellPath = /bin/sh;
			shellScript = "diff \"${PODS_PODFILE_DIR_PATH}/Podfile.lock\" \"${PODS_ROOT}/Manifest.lock\" > /dev/null\nif [ $? != 0 ] ; then\n    # print error to STDERR\n    echo \"error: The sandbox is not in sync with the Podfile.lock. Run 'pod install' or update your CocoaPods installation.\" >&2\n    exit 1\nfi\n# This output is used by Xcode 'outputs' to avoid re-running this script phase.\necho \"SUCCESS\" > \"${SCRIPT_OUTPUT_FILE_0}\"\n";
			showEnvVarsInLog = 0;
		};
		875385B517BF00954674BDC1 /* [CP] Check Pods Manifest.lock */ = {
			isa = PBXShellScriptBuildPhase;
			buildActionMask = 2147483647;
			files = (
			);
			inputPaths = (
				"${PODS_PODFILE_DIR_PATH}/Podfile.lock",
				"${PODS_ROOT}/Manifest.lock",
			);
			name = "[CP] Check Pods Manifest.lock";
			outputPaths = (
				"$(DERIVED_FILE_DIR)/Pods-TestApp-checkManifestLockResult.txt",
			);
			runOnlyForDeploymentPostprocessing = 0;
			shellPath = /bin/sh;
			shellScript = "diff \"${PODS_PODFILE_DIR_PATH}/Podfile.lock\" \"${PODS_ROOT}/Manifest.lock\" > /dev/null\nif [ $? != 0 ] ; then\n    # print error to STDERR\n    echo \"error: The sandbox is not in sync with the Podfile.lock. Run 'pod install' or update your CocoaPods installation.\" >&2\n    exit 1\nfi\n# This output is used by Xcode 'outputs' to avoid re-running this script phase.\necho \"SUCCESS\" > \"${SCRIPT_OUTPUT_FILE_0}\"\n";
			showEnvVarsInLog = 0;
		};
		D0B07BF97FAB3471071DCF03 /* [CP] Check Pods Manifest.lock */ = {
			isa = PBXShellScriptBuildPhase;
			buildActionMask = 2147483647;
			files = (
			);
			inputPaths = (
				"${PODS_PODFILE_DIR_PATH}/Podfile.lock",
				"${PODS_ROOT}/Manifest.lock",
			);
			name = "[CP] Check Pods Manifest.lock";
			outputPaths = (
				"$(DERIVED_FILE_DIR)/Pods-TestAppUITests-checkManifestLockResult.txt",
			);
			runOnlyForDeploymentPostprocessing = 0;
			shellPath = /bin/sh;
			shellScript = "diff \"${PODS_PODFILE_DIR_PATH}/Podfile.lock\" \"${PODS_ROOT}/Manifest.lock\" > /dev/null\nif [ $? != 0 ] ; then\n    # print error to STDERR\n    echo \"error: The sandbox is not in sync with the Podfile.lock. Run 'pod install' or update your CocoaPods installation.\" >&2\n    exit 1\nfi\n# This output is used by Xcode 'outputs' to avoid re-running this script phase.\necho \"SUCCESS\" > \"${SCRIPT_OUTPUT_FILE_0}\"\n";
			showEnvVarsInLog = 0;
		};
		D861DFF2BACA802D575EEF52 /* [CP] Embed Pods Frameworks */ = {
			isa = PBXShellScriptBuildPhase;
			buildActionMask = 2147483647;
			files = (
			);
			inputPaths = (
				"${SRCROOT}/Pods/Target Support Files/Pods-TestAppTests/Pods-TestAppTests-frameworks.sh",
				"${BUILT_PRODUCTS_DIR}/LayoutTest/LayoutTest.framework",
				"${BUILT_PRODUCTS_DIR}/LayoutTestBase/LayoutTestBase.framework",
			);
			name = "[CP] Embed Pods Frameworks";
			outputPaths = (
				"${TARGET_BUILD_DIR}/${FRAMEWORKS_FOLDER_PATH}/LayoutTest.framework",
				"${TARGET_BUILD_DIR}/${FRAMEWORKS_FOLDER_PATH}/LayoutTestBase.framework",
			);
			runOnlyForDeploymentPostprocessing = 0;
			shellPath = /bin/sh;
			shellScript = "\"${SRCROOT}/Pods/Target Support Files/Pods-TestAppTests/Pods-TestAppTests-frameworks.sh\"\n";
			showEnvVarsInLog = 0;
		};
/* End PBXShellScriptBuildPhase section */

/* Begin PBXSourcesBuildPhase section */
		D33FF1722106331C001A4286 /* Sources */ = {
			isa = PBXSourcesBuildPhase;
			buildActionMask = 2147483647;
			files = (
				D33FF17C2106331C001A4286 /* ViewController.swift in Sources */,
				D33FF17A2106331C001A4286 /* AppDelegate.swift in Sources */,
			);
			runOnlyForDeploymentPostprocessing = 0;
		};
		D33FF1862106331D001A4286 /* Sources */ = {
			isa = PBXSourcesBuildPhase;
			buildActionMask = 2147483647;
			files = (
				D33FF1A82106464B001A4286 /* ViewControllerTests.swift in Sources */,
				D33FF18F2106331D001A4286 /* TestAppTests.swift in Sources */,
			);
			runOnlyForDeploymentPostprocessing = 0;
		};
		D33FF1912106331D001A4286 /* Sources */ = {
			isa = PBXSourcesBuildPhase;
			buildActionMask = 2147483647;
			files = (
				D33FF19A2106331D001A4286 /* TestAppUITests.swift in Sources */,
			);
			runOnlyForDeploymentPostprocessing = 0;
		};
/* End PBXSourcesBuildPhase section */

/* Begin PBXTargetDependency section */
		D33FF18C2106331D001A4286 /* PBXTargetDependency */ = {
			isa = PBXTargetDependency;
			target = D33FF1752106331C001A4286 /* TestApp */;
			targetProxy = D33FF18B2106331D001A4286 /* PBXContainerItemProxy */;
		};
		D33FF1972106331D001A4286 /* PBXTargetDependency */ = {
			isa = PBXTargetDependency;
			target = D33FF1752106331C001A4286 /* TestApp */;
			targetProxy = D33FF1962106331D001A4286 /* PBXContainerItemProxy */;
		};
/* End PBXTargetDependency section */

/* Begin PBXVariantGroup section */
		D33FF17D2106331C001A4286 /* Main.storyboard */ = {
			isa = PBXVariantGroup;
			children = (
				D33FF17E2106331C001A4286 /* Base */,
			);
			name = Main.storyboard;
			sourceTree = "<group>";
		};
		D33FF1822106331D001A4286 /* LaunchScreen.storyboard */ = {
			isa = PBXVariantGroup;
			children = (
				D33FF1832106331D001A4286 /* Base */,
			);
			name = LaunchScreen.storyboard;
			sourceTree = "<group>";
		};
/* End PBXVariantGroup section */

/* Begin XCBuildConfiguration section */
		D33FF19C2106331D001A4286 /* Debug */ = {
			isa = XCBuildConfiguration;
			buildSettings = {
				ALWAYS_SEARCH_USER_PATHS = NO;
				CLANG_ANALYZER_NONNULL = YES;
				CLANG_ANALYZER_NUMBER_OBJECT_CONVERSION = YES_AGGRESSIVE;
				CLANG_CXX_LANGUAGE_STANDARD = "gnu++14";
				CLANG_CXX_LIBRARY = "libc++";
				CLANG_ENABLE_MODULES = YES;
				CLANG_ENABLE_OBJC_ARC = YES;
				CLANG_ENABLE_OBJC_WEAK = YES;
				CLANG_WARN_BLOCK_CAPTURE_AUTORELEASING = YES;
				CLANG_WARN_BOOL_CONVERSION = YES;
				CLANG_WARN_COMMA = YES;
				CLANG_WARN_CONSTANT_CONVERSION = YES;
				CLANG_WARN_DEPRECATED_OBJC_IMPLEMENTATIONS = YES;
				CLANG_WARN_DIRECT_OBJC_ISA_USAGE = YES_ERROR;
				CLANG_WARN_DOCUMENTATION_COMMENTS = YES;
				CLANG_WARN_EMPTY_BODY = YES;
				CLANG_WARN_ENUM_CONVERSION = YES;
				CLANG_WARN_INFINITE_RECURSION = YES;
				CLANG_WARN_INT_CONVERSION = YES;
				CLANG_WARN_NON_LITERAL_NULL_CONVERSION = YES;
				CLANG_WARN_OBJC_IMPLICIT_RETAIN_SELF = YES;
				CLANG_WARN_OBJC_LITERAL_CONVERSION = YES;
				CLANG_WARN_OBJC_ROOT_CLASS = YES_ERROR;
				CLANG_WARN_RANGE_LOOP_ANALYSIS = YES;
				CLANG_WARN_STRICT_PROTOTYPES = YES;
				CLANG_WARN_SUSPICIOUS_MOVE = YES;
				CLANG_WARN_UNGUARDED_AVAILABILITY = YES_AGGRESSIVE;
				CLANG_WARN_UNREACHABLE_CODE = YES;
				CLANG_WARN__DUPLICATE_METHOD_MATCH = YES;
				CODE_SIGN_IDENTITY = "iPhone Developer";
				COPY_PHASE_STRIP = NO;
				DEBUG_INFORMATION_FORMAT = dwarf;
				ENABLE_STRICT_OBJC_MSGSEND = YES;
				ENABLE_TESTABILITY = YES;
				GCC_C_LANGUAGE_STANDARD = gnu11;
				GCC_DYNAMIC_NO_PIC = NO;
				GCC_NO_COMMON_BLOCKS = YES;
				GCC_OPTIMIZATION_LEVEL = 0;
				GCC_PREPROCESSOR_DEFINITIONS = (
					"DEBUG=1",
					"$(inherited)",
				);
				GCC_WARN_64_TO_32_BIT_CONVERSION = YES;
				GCC_WARN_ABOUT_RETURN_TYPE = YES_ERROR;
				GCC_WARN_UNDECLARED_SELECTOR = YES;
				GCC_WARN_UNINITIALIZED_AUTOS = YES_AGGRESSIVE;
				GCC_WARN_UNUSED_FUNCTION = YES;
				GCC_WARN_UNUSED_VARIABLE = YES;
				IPHONEOS_DEPLOYMENT_TARGET = 11.4;
				MTL_ENABLE_DEBUG_INFO = YES;
				ONLY_ACTIVE_ARCH = YES;
				SDKROOT = iphoneos;
				SWIFT_ACTIVE_COMPILATION_CONDITIONS = DEBUG;
				SWIFT_OPTIMIZATION_LEVEL = "-Onone";
			};
			name = Debug;
		};
		D33FF19D2106331D001A4286 /* Release */ = {
			isa = XCBuildConfiguration;
			buildSettings = {
				ALWAYS_SEARCH_USER_PATHS = NO;
				CLANG_ANALYZER_NONNULL = YES;
				CLANG_ANALYZER_NUMBER_OBJECT_CONVERSION = YES_AGGRESSIVE;
				CLANG_CXX_LANGUAGE_STANDARD = "gnu++14";
				CLANG_CXX_LIBRARY = "libc++";
				CLANG_ENABLE_MODULES = YES;
				CLANG_ENABLE_OBJC_ARC = YES;
				CLANG_ENABLE_OBJC_WEAK = YES;
				CLANG_WARN_BLOCK_CAPTURE_AUTORELEASING = YES;
				CLANG_WARN_BOOL_CONVERSION = YES;
				CLANG_WARN_COMMA = YES;
				CLANG_WARN_CONSTANT_CONVERSION = YES;
				CLANG_WARN_DEPRECATED_OBJC_IMPLEMENTATIONS = YES;
				CLANG_WARN_DIRECT_OBJC_ISA_USAGE = YES_ERROR;
				CLANG_WARN_DOCUMENTATION_COMMENTS = YES;
				CLANG_WARN_EMPTY_BODY = YES;
				CLANG_WARN_ENUM_CONVERSION = YES;
				CLANG_WARN_INFINITE_RECURSION = YES;
				CLANG_WARN_INT_CONVERSION = YES;
				CLANG_WARN_NON_LITERAL_NULL_CONVERSION = YES;
				CLANG_WARN_OBJC_IMPLICIT_RETAIN_SELF = YES;
				CLANG_WARN_OBJC_LITERAL_CONVERSION = YES;
				CLANG_WARN_OBJC_ROOT_CLASS = YES_ERROR;
				CLANG_WARN_RANGE_LOOP_ANALYSIS = YES;
				CLANG_WARN_STRICT_PROTOTYPES = YES;
				CLANG_WARN_SUSPICIOUS_MOVE = YES;
				CLANG_WARN_UNGUARDED_AVAILABILITY = YES_AGGRESSIVE;
				CLANG_WARN_UNREACHABLE_CODE = YES;
				CLANG_WARN__DUPLICATE_METHOD_MATCH = YES;
				CODE_SIGN_IDENTITY = "iPhone Developer";
				COPY_PHASE_STRIP = NO;
				DEBUG_INFORMATION_FORMAT = "dwarf-with-dsym";
				ENABLE_NS_ASSERTIONS = NO;
				ENABLE_STRICT_OBJC_MSGSEND = YES;
				GCC_C_LANGUAGE_STANDARD = gnu11;
				GCC_NO_COMMON_BLOCKS = YES;
				GCC_WARN_64_TO_32_BIT_CONVERSION = YES;
				GCC_WARN_ABOUT_RETURN_TYPE = YES_ERROR;
				GCC_WARN_UNDECLARED_SELECTOR = YES;
				GCC_WARN_UNINITIALIZED_AUTOS = YES_AGGRESSIVE;
				GCC_WARN_UNUSED_FUNCTION = YES;
				GCC_WARN_UNUSED_VARIABLE = YES;
				IPHONEOS_DEPLOYMENT_TARGET = 11.4;
				MTL_ENABLE_DEBUG_INFO = NO;
				SDKROOT = iphoneos;
				SWIFT_COMPILATION_MODE = wholemodule;
				SWIFT_OPTIMIZATION_LEVEL = "-O";
				VALIDATE_PRODUCT = YES;
			};
			name = Release;
		};
		D33FF19F2106331D001A4286 /* Debug */ = {
			isa = XCBuildConfiguration;
			baseConfigurationReference = D5B26D4C7F7095DD520EE262 /* Pods-TestApp.debug.xcconfig */;
			buildSettings = {
				ASSETCATALOG_COMPILER_APPICON_NAME = AppIcon;
				CODE_SIGN_STYLE = Automatic;
				DEVELOPMENT_TEAM = P3HKWL96W4;
				INFOPLIST_FILE = TestApp/Info.plist;
				LD_RUNPATH_SEARCH_PATHS = (
					"$(inherited)",
					"@executable_path/Frameworks",
				);
				PRODUCT_BUNDLE_IDENTIFIER = RT.TestApp;
				PRODUCT_NAME = "$(TARGET_NAME)";
				SWIFT_VERSION = 4.0;
				TARGETED_DEVICE_FAMILY = "1,2";
			};
			name = Debug;
		};
		D33FF1A02106331D001A4286 /* Release */ = {
			isa = XCBuildConfiguration;
			baseConfigurationReference = 5E7050BF04AC05133773D0E3 /* Pods-TestApp.release.xcconfig */;
			buildSettings = {
				ASSETCATALOG_COMPILER_APPICON_NAME = AppIcon;
				CODE_SIGN_STYLE = Automatic;
				DEVELOPMENT_TEAM = P3HKWL96W4;
				INFOPLIST_FILE = TestApp/Info.plist;
				LD_RUNPATH_SEARCH_PATHS = (
					"$(inherited)",
					"@executable_path/Frameworks",
				);
				PRODUCT_BUNDLE_IDENTIFIER = RT.TestApp;
				PRODUCT_NAME = "$(TARGET_NAME)";
				SWIFT_VERSION = 4.0;
				TARGETED_DEVICE_FAMILY = "1,2";
			};
			name = Release;
		};
		D33FF1A22106331D001A4286 /* Debug */ = {
			isa = XCBuildConfiguration;
			baseConfigurationReference = 8704626B0E2360627BBF3CE7 /* Pods-TestAppTests.debug.xcconfig */;
			buildSettings = {
				ALWAYS_EMBED_SWIFT_STANDARD_LIBRARIES = YES;
				BUNDLE_LOADER = "$(TEST_HOST)";
				CODE_SIGN_STYLE = Automatic;
				DEVELOPMENT_TEAM = P3HKWL96W4;
				INFOPLIST_FILE = TestAppTests/Info.plist;
				LD_RUNPATH_SEARCH_PATHS = (
					"$(inherited)",
					"@executable_path/Frameworks",
					"@loader_path/Frameworks",
				);
				PRODUCT_BUNDLE_IDENTIFIER = RT.TestAppTests;
				PRODUCT_NAME = "$(TARGET_NAME)";
				SWIFT_VERSION = 4.0;
				TARGETED_DEVICE_FAMILY = "1,2";
				TEST_HOST = "$(BUILT_PRODUCTS_DIR)/TestApp.app/TestApp";
			};
			name = Debug;
		};
		D33FF1A32106331D001A4286 /* Release */ = {
			isa = XCBuildConfiguration;
			baseConfigurationReference = 7B15E5173E79AD8A0348FC69 /* Pods-TestAppTests.release.xcconfig */;
			buildSettings = {
				ALWAYS_EMBED_SWIFT_STANDARD_LIBRARIES = YES;
				BUNDLE_LOADER = "$(TEST_HOST)";
				CODE_SIGN_STYLE = Automatic;
				DEVELOPMENT_TEAM = P3HKWL96W4;
				INFOPLIST_FILE = TestAppTests/Info.plist;
				LD_RUNPATH_SEARCH_PATHS = (
					"$(inherited)",
					"@executable_path/Frameworks",
					"@loader_path/Frameworks",
				);
				PRODUCT_BUNDLE_IDENTIFIER = RT.TestAppTests;
				PRODUCT_NAME = "$(TARGET_NAME)";
				SWIFT_VERSION = 4.0;
				TARGETED_DEVICE_FAMILY = "1,2";
				TEST_HOST = "$(BUILT_PRODUCTS_DIR)/TestApp.app/TestApp";
			};
			name = Release;
		};
		D33FF1A52106331D001A4286 /* Debug */ = {
			isa = XCBuildConfiguration;
			baseConfigurationReference = AFFC480C430CBED101AD0C4E /* Pods-TestAppUITests.debug.xcconfig */;
			buildSettings = {
				ALWAYS_EMBED_SWIFT_STANDARD_LIBRARIES = YES;
				CODE_SIGN_STYLE = Automatic;
				DEVELOPMENT_TEAM = P3HKWL96W4;
				INFOPLIST_FILE = TestAppUITests/Info.plist;
				LD_RUNPATH_SEARCH_PATHS = (
					"$(inherited)",
					"@executable_path/Frameworks",
					"@loader_path/Frameworks",
				);
				PRODUCT_BUNDLE_IDENTIFIER = RT.TestAppUITests;
				PRODUCT_NAME = "$(TARGET_NAME)";
				SWIFT_VERSION = 4.0;
				TARGETED_DEVICE_FAMILY = "1,2";
				TEST_TARGET_NAME = TestApp;
			};
			name = Debug;
		};
		D33FF1A62106331D001A4286 /* Release */ = {
			isa = XCBuildConfiguration;
			baseConfigurationReference = 5FC1D882595FA789104233E6 /* Pods-TestAppUITests.release.xcconfig */;
			buildSettings = {
				ALWAYS_EMBED_SWIFT_STANDARD_LIBRARIES = YES;
				CODE_SIGN_STYLE = Automatic;
				DEVELOPMENT_TEAM = P3HKWL96W4;
				INFOPLIST_FILE = TestAppUITests/Info.plist;
				LD_RUNPATH_SEARCH_PATHS = (
					"$(inherited)",
					"@executable_path/Frameworks",
					"@loader_path/Frameworks",
				);
				PRODUCT_BUNDLE_IDENTIFIER = RT.TestAppUITests;
				PRODUCT_NAME = "$(TARGET_NAME)";
				SWIFT_VERSION = 4.0;
				TARGETED_DEVICE_FAMILY = "1,2";
				TEST_TARGET_NAME = TestApp;
			};
			name = Release;
		};
/* End XCBuildConfiguration section */

/* Begin XCConfigurationList section */
		D33FF1712106331C001A4286 /* Build configuration list for PBXProject "TestApp" */ = {
			isa = XCConfigurationList;
			buildConfigurations = (
				D33FF19C2106331D001A4286 /* Debug */,
				D33FF19D2106331D001A4286 /* Release */,
			);
			defaultConfigurationIsVisible = 0;
			defaultConfigurationName = Release;
		};
		D33FF19E2106331D001A4286 /* Build configuration list for PBXNativeTarget "TestApp" */ = {
			isa = XCConfigurationList;
			buildConfigurations = (
				D33FF19F2106331D001A4286 /* Debug */,
				D33FF1A02106331D001A4286 /* Release */,
			);
			defaultConfigurationIsVisible = 0;
			defaultConfigurationName = Release;
		};
		D33FF1A12106331D001A4286 /* Build configuration list for PBXNativeTarget "TestAppTests" */ = {
			isa = XCConfigurationList;
			buildConfigurations = (
				D33FF1A22106331D001A4286 /* Debug */,
				D33FF1A32106331D001A4286 /* Release */,
			);
			defaultConfigurationIsVisible = 0;
			defaultConfigurationName = Release;
		};
		D33FF1A42106331D001A4286 /* Build configuration list for PBXNativeTarget "TestAppUITests" */ = {
			isa = XCConfigurationList;
			buildConfigurations = (
				D33FF1A52106331D001A4286 /* Debug */,
				D33FF1A62106331D001A4286 /* Release */,
			);
			defaultConfigurationIsVisible = 0;
			defaultConfigurationName = Release;
		};
/* End XCConfigurationList section */
	};
	rootObject = D33FF16E2106331C001A4286 /* Project object */;
}
